
Microsoft Visual Studio Solution File, Format Version 12.00
# Visual Studio Version 17
VisualStudioVersion = 17.0.31903.59
MinimumVisualStudioVersion = 10.0.40219.1
Project("{2150E333-8FDC-42A3-9474-1A3956D46DE8}") = "src", "src", "{827E0CD3-B72D-47B6-A68D-7590B98EB39B}"
EndProject
Project("{FAE04EC0-301F-11D3-BF4B-00C04F79EFBC}") = "Api", "src\Api\Api.csproj", "{D9678D42-4090-4076-9E5C-0890BF812475}"
EndProject
Project("{FAE04EC0-301F-11D3-BF4B-00C04F79EFBC}") = "Application", "src\Application\Application.csproj", "{0AB96522-155B-4432-82A7-89C3528EC233}"
EndProject
Project("{FAE04EC0-301F-11D3-BF4B-00C04F79EFBC}") = "Domain", "src\Domain\Domain.csproj", "{9FF6BE99-4278-4ADE-BFD8-F9D3CD311A11}"
EndProject
Project("{FAE04EC0-301F-11D3-BF4B-00C04F79EFBC}") = "Infrastructure", "src\Infrastructure\Infrastructure.csproj", "{91BA2187-C655-4828-A341-2EF42EF89EF4}"
EndProject
Project("{FAE04EC0-301F-11D3-BF4B-00C04F79EFBC}") = "AuroraTrace.Tests", "AuroraTrace.Tests\AuroraTrace.Tests.csproj", "{09220913-817B-4B91-B807-6EED027FD597}"
EndProject
Global
	GlobalSection(SolutionConfigurationPlatforms) = preSolution
		Debug|Any CPU = Debug|Any CPU
		Debug|x64 = Debug|x64
		Debug|x86 = Debug|x86
		Release|Any CPU = Release|Any CPU
		Release|x64 = Release|x64
		Release|x86 = Release|x86
	EndGlobalSection
	GlobalSection(ProjectConfigurationPlatforms) = postSolution
		{D9678D42-4090-4076-9E5C-0890BF812475}.Debug|Any CPU.ActiveCfg = Debug|Any CPU
		{D9678D42-4090-4076-9E5C-0890BF812475}.Debug|Any CPU.Build.0 = Debug|Any CPU
		{D9678D42-4090-4076-9E5C-0890BF812475}.Debug|x64.ActiveCfg = Debug|Any CPU
		{D9678D42-4090-4076-9E5C-0890BF812475}.Debug|x64.Build.0 = Debug|Any CPU
		{D9678D42-4090-4076-9E5C-0890BF812475}.Debug|x86.ActiveCfg = Debug|Any CPU
		{D9678D42-4090-4076-9E5C-0890BF812475}.Debug|x86.Build.0 = Debug|Any CPU
		{D9678D42-4090-4076-9E5C-0890BF812475}.Release|Any CPU.ActiveCfg = Release|Any CPU
		{D9678D42-4090-4076-9E5C-0890BF812475}.Release|Any CPU.Build.0 = Release|Any CPU
		{D9678D42-4090-4076-9E5C-0890BF812475}.Release|x64.ActiveCfg = Release|Any CPU
		{D9678D42-4090-4076-9E5C-0890BF812475}.Release|x64.Build.0 = Release|Any CPU
		{D9678D42-4090-4076-9E5C-0890BF812475}.Release|x86.ActiveCfg = Release|Any CPU
		{D9678D42-4090-4076-9E5C-0890BF812475}.Release|x86.Build.0 = Release|Any CPU
		{0AB96522-155B-4432-82A7-89C3528EC233}.Debug|Any CPU.ActiveCfg = Debug|Any CPU
		{0AB96522-155B-4432-82A7-89C3528EC233}.Debug|Any CPU.Build.0 = Debug|Any CPU
		{0AB96522-155B-4432-82A7-89C3528EC233}.Debug|x64.ActiveCfg = Debug|Any CPU
		{0AB96522-155B-4432-82A7-89C3528EC233}.Debug|x64.Build.0 = Debug|Any CPU
		{0AB96522-155B-4432-82A7-89C3528EC233}.Debug|x86.ActiveCfg = Debug|Any CPU
		{0AB96522-155B-4432-82A7-89C3528EC233}.Debug|x86.Build.0 = Debug|Any CPU
		{0AB96522-155B-4432-82A7-89C3528EC233}.Release|Any CPU.ActiveCfg = Release|Any CPU
		{0AB96522-155B-4432-82A7-89C3528EC233}.Release|Any CPU.Build.0 = Release|Any CPU
		{0AB96522-155B-4432-82A7-89C3528EC233}.Release|x64.ActiveCfg = Release|Any CPU
		{0AB96522-155B-4432-82A7-89C3528EC233}.Release|x64.Build.0 = Release|Any CPU
		{0AB96522-155B-4432-82A7-89C3528EC233}.Release|x86.ActiveCfg = Release|Any CPU
		{0AB96522-155B-4432-82A7-89C3528EC233}.Release|x86.Build.0 = Release|Any CPU
		{9FF6BE99-4278-4ADE-BFD8-F9D3CD311A11}.Debug|Any CPU.ActiveCfg = Debug|Any CPU
		{9FF6BE99-4278-4ADE-BFD8-F9D3CD311A11}.Debug|Any CPU.Build.0 = Debug|Any CPU
		{9FF6BE99-4278-4ADE-BFD8-F9D3CD311A11}.Debug|x64.ActiveCfg = Debug|Any CPU
		{9FF6BE99-4278-4ADE-BFD8-F9D3CD311A11}.Debug|x64.Build.0 = Debug|Any CPU
		{9FF6BE99-4278-4ADE-BFD8-F9D3CD311A11}.Debug|x86.ActiveCfg = Debug|Any CPU
		{9FF6BE99-4278-4ADE-BFD8-F9D3CD311A11}.Debug|x86.Build.0 = Debug|Any CPU
		{9FF6BE99-4278-4ADE-BFD8-F9D3CD311A11}.Release|Any CPU.ActiveCfg = Release|Any CPU
		{9FF6BE99-4278-4ADE-BFD8-F9D3CD311A11}.Release|Any CPU.Build.0 = Release|Any CPU
		{9FF6BE99-4278-4ADE-BFD8-F9D3CD311A11}.Release|x64.ActiveCfg = Release|Any CPU
		{9FF6BE99-4278-4ADE-BFD8-F9D3CD311A11}.Release|x64.Build.0 = Release|Any CPU
		{9FF6BE99-4278-4ADE-BFD8-F9D3CD311A11}.Release|x86.ActiveCfg = Release|Any CPU
		{9FF6BE99-4278-4ADE-BFD8-F9D3CD311A11}.Release|x86.Build.0 = Release|Any CPU
		{91BA2187-C655-4828-A341-2EF42EF89EF4}.Debug|Any CPU.ActiveCfg = Debug|Any CPU
		{91BA2187-C655-4828-A341-2EF42EF89EF4}.Debug|Any CPU.Build.0 = Debug|Any CPU
		{91BA2187-C655-4828-A341-2EF42EF89EF4}.Debug|x64.ActiveCfg = Debug|Any CPU
		{91BA2187-C655-4828-A341-2EF42EF89EF4}.Debug|x64.Build.0 = Debug|Any CPU
		{91BA2187-C655-4828-A341-2EF42EF89EF4}.Debug|x86.ActiveCfg = Debug|Any CPU
		{91BA2187-C655-4828-A341-2EF42EF89EF4}.Debug|x86.Build.0 = Debug|Any CPU
		{91BA2187-C655-4828-A341-2EF42EF89EF4}.Release|Any CPU.ActiveCfg = Release|Any CPU
		{91BA2187-C655-4828-A341-2EF42EF89EF4}.Release|Any CPU.Build.0 = Release|Any CPU
		{91BA2187-C655-4828-A341-2EF42EF89EF4}.Release|x64.ActiveCfg = Release|Any CPU
		{91BA2187-C655-4828-A341-2EF42EF89EF4}.Release|x64.Build.0 = Release|Any CPU
		{91BA2187-C655-4828-A341-2EF42EF89EF4}.Release|x86.ActiveCfg = Release|Any CPU
		{91BA2187-C655-4828-A341-2EF42EF89EF4}.Release|x86.Build.0 = Release|Any CPU
		{09220913-817B-4B91-B807-6EED027FD597}.Debug|Any CPU.ActiveCfg = Debug|Any CPU
		{09220913-817B-4B91-B807-6EED027FD597}.Debug|Any CPU.Build.0 = Debug|Any CPU
		{09220913-817B-4B91-B807-6EED027FD597}.Debug|x64.ActiveCfg = Debug|Any CPU
		{09220913-817B-4B91-B807-6EED027FD597}.Debug|x64.Build.0 = Debug|Any CPU
		{09220913-817B-4B91-B807-6EED027FD597}.Debug|x86.ActiveCfg = Debug|Any CPU
		{09220913-817B-4B91-B807-6EED027FD597}.Debug|x86.Build.0 = Debug|Any CPU
		{09220913-817B-4B91-B807-6EED027FD597}.Release|Any CPU.ActiveCfg = Release|Any CPU
		{09220913-817B-4B91-B807-6EED027FD597}.Release|Any CPU.Build.0 = Release|Any CPU
		{09220913-817B-4B91-B807-6EED027FD597}.Release|x64.ActiveCfg = Release|Any CPU
		{09220913-817B-4B91-B807-6EED027FD597}.Release|x64.Build.0 = Release|Any CPU
		{09220913-817B-4B91-B807-6EED027FD597}.Release|x86.ActiveCfg = Release|Any CPU
		{09220913-817B-4B91-B807-6EED027FD597}.Release|x86.Build.0 = Release|Any CPU
	EndGlobalSection
	GlobalSection(SolutionProperties) = preSolution
		HideSolutionNode = FALSE
	EndGlobalSection
	GlobalSection(NestedProjects) = preSolution
		{D9678D42-4090-4076-9E5C-0890BF812475} = {827E0CD3-B72D-47B6-A68D-7590B98EB39B}
		{0AB96522-155B-4432-82A7-89C3528EC233} = {827E0CD3-B72D-47B6-A68D-7590B98EB39B}
		{9FF6BE99-4278-4ADE-BFD8-F9D3CD311A11} = {827E0CD3-B72D-47B6-A68D-7590B98EB39B}
		{91BA2187-C655-4828-A341-2EF42EF89EF4} = {827E0CD3-B72D-47B6-A68D-7590B98EB39B}
	EndGlobalSection
	GlobalSection(ExtensibilityGlobals) = postSolution
		SolutionGuid = {EDECDA59-82FE-415E-8814-F4E2885980E6}
	EndGlobalSection
EndGlobal
